
Microsoft Visual Studio Solution File, Format Version 12.00
# Visual Studio Version 17
VisualStudioVersion = 17.8.34330.188
MinimumVisualStudioVersion = 10.0.40219.1
Project("{FAE04EC0-301F-11D3-BF4B-00C04F79EFBC}") = "login and register", "login and register\login and register.csproj", "{21C95081-6517-41D0-BC28-B5439C9E1B4A}"
EndProject
Global
	GlobalSection(SolutionConfigurationPlatforms) = preSolution
		Debug|Any CPU = Debug|Any CPU
		Release|Any CPU = Release|Any CPU
	EndGlobalSection
	GlobalSection(ProjectConfigurationPlatforms) = postSolution
		{21C95081-6517-41D0-BC28-B5439C9E1B4A}.Debug|Any CPU.ActiveCfg = Debug|Any CPU
		{21C95081-6517-41D0-BC28-B5439C9E1B4A}.Debug|Any CPU.Build.0 = Debug|Any CPU
		{21C95081-6517-41D0-BC28-B5439C9E1B4A}.Release|Any CPU.ActiveCfg = Release|Any CPU
		{21C95081-6517-41D0-BC28-B5439C9E1B4A}.Release|Any CPU.Build.0 = Release|Any CPU
	EndGlobalSection
	GlobalSection(SolutionProperties) = preSolution
		HideSolutionNode = FALSE
	EndGlobalSection
	GlobalSection(ExtensibilityGlobals) = postSolution
		SolutionGuid = {48605155-E22C-4494-AC87-AE638129BD31}
	EndGlobalSection
EndGlobal
